
Microsoft Visual Studio Solution File, Format Version 12.00
# Visual Studio 15
VisualStudioVersion = 15.0.27128.1
MinimumVisualStudioVersion = 10.0.40219.1
Project("{FAE04EC0-301F-11D3-BF4B-00C04F79EFBC}") = "PF.Redmine.Bot", "PF.Redmine.Bot\PF.Redmine.Bot.csproj", "{764FFC01-AFDE-4607-A321-46A5540B825D}"
EndProject
Project("{FAE04EC0-301F-11D3-BF4B-00C04F79EFBC}") = "PF.Redmine.Bot.Domain", "PF.Redmine.Bot.Domain\PF.Redmine.Bot.Domain.csproj", "{1C005512-65CD-4949-9894-422F0A754D10}"
EndProject
Global
	GlobalSection(SolutionConfigurationPlatforms) = preSolution
		Debug|Any CPU = Debug|Any CPU
		Release|Any CPU = Release|Any CPU
	EndGlobalSection
	GlobalSection(ProjectConfigurationPlatforms) = postSolution
		{764FFC01-AFDE-4607-A321-46A5540B825D}.Debug|Any CPU.ActiveCfg = Debug|Any CPU
		{764FFC01-AFDE-4607-A321-46A5540B825D}.Debug|Any CPU.Build.0 = Debug|Any CPU
		{764FFC01-AFDE-4607-A321-46A5540B825D}.Release|Any CPU.ActiveCfg = Release|Any CPU
		{764FFC01-AFDE-4607-A321-46A5540B825D}.Release|Any CPU.Build.0 = Release|Any CPU
		{1C005512-65CD-4949-9894-422F0A754D10}.Debug|Any CPU.ActiveCfg = Debug|Any CPU
		{1C005512-65CD-4949-9894-422F0A754D10}.Debug|Any CPU.Build.0 = Debug|Any CPU
		{1C005512-65CD-4949-9894-422F0A754D10}.Release|Any CPU.ActiveCfg = Release|Any CPU
		{1C005512-65CD-4949-9894-422F0A754D10}.Release|Any CPU.Build.0 = Release|Any CPU
	EndGlobalSection
	GlobalSection(SolutionProperties) = preSolution
		HideSolutionNode = FALSE
	EndGlobalSection
	GlobalSection(ExtensibilityGlobals) = postSolution
		SolutionGuid = {78FDF222-FA48-45D4-B83B-432665D198D8}
	EndGlobalSection
EndGlobal
